
Microsoft Visual Studio Solution File, Format Version 12.00
# Visual Studio Version 17
VisualStudioVersion = 17.13.35931.197
MinimumVisualStudioVersion = 10.0.40219.1
Project("{FAE04EC0-301F-11D3-BF4B-00C04F79EFBC}") = "DotNetARX", "DotNetARX\DotNetARX.csproj", "{82CFB0B2-28C9-7B19-6950-196F66CDB377}"
EndProject
Project("{FAE04EC0-301F-11D3-BF4B-00C04F79EFBC}") = "DotNetARX.Tests", "DotNetARX.Tests\DotNetARX.Tests.csproj", "{4BBB2E9B-B7F3-F254-84D0-0C3328027819}"
EndProject
Project("{2150E333-8FDC-42A3-9474-1A3956D46DE8}") = "doc", "doc", "{02EA681E-C7D8-13C7-8484-4AC65E1B71E8}"
	ProjectSection(SolutionItems) = preProject
		..\TsyOpenCutSystem\assets\arxmgd.chm = ..\TsyOpenCutSystem\assets\arxmgd.chm
		doc\README_完整文档.md = doc\README_完整文档.md
		doc\✅_任务完成验证报告.md = doc\✅_任务完成验证报告.md
		doc\快速参考指南.md = doc\快速参考指南.md
		doc\新框架图层操作示例.md = doc\新框架图层操作示例.md
		doc\架构改进建议.md = doc\架构改进建议.md
		doc\阶段1完成总结.md = doc\阶段1完成总结.md
		doc\🎊_DotNetARX完全重构完成报告.md = doc\🎊_DotNetARX完全重构完成报告.md
		doc\🎊_项目优化完成报告.md = doc\🎊_项目优化完成报告.md
	EndProjectSection
EndProject
Project("{2150E333-8FDC-42A3-9474-1A3956D46DE8}") = "Solution Items", "Solution Items", "{8EC462FD-D22E-90A8-E5CE-7E832BA40C5D}"
	ProjectSection(SolutionItems) = preProject
		Directory.Packages.props = Directory.Packages.props
	EndProjectSection
EndProject
Global
	GlobalSection(SolutionConfigurationPlatforms) = preSolution
		Debug|Any CPU = Debug|Any CPU
		Release|Any CPU = Release|Any CPU
	EndGlobalSection
	GlobalSection(ProjectConfigurationPlatforms) = postSolution
		{82CFB0B2-28C9-7B19-6950-196F66CDB377}.Debug|Any CPU.ActiveCfg = Debug|Any CPU
		{82CFB0B2-28C9-7B19-6950-196F66CDB377}.Debug|Any CPU.Build.0 = Debug|Any CPU
		{82CFB0B2-28C9-7B19-6950-196F66CDB377}.Release|Any CPU.ActiveCfg = Release|Any CPU
		{82CFB0B2-28C9-7B19-6950-196F66CDB377}.Release|Any CPU.Build.0 = Release|Any CPU
		{4BBB2E9B-B7F3-F254-84D0-0C3328027819}.Debug|Any CPU.ActiveCfg = Debug|Any CPU
		{4BBB2E9B-B7F3-F254-84D0-0C3328027819}.Debug|Any CPU.Build.0 = Debug|Any CPU
		{4BBB2E9B-B7F3-F254-84D0-0C3328027819}.Release|Any CPU.ActiveCfg = Release|Any CPU
		{4BBB2E9B-B7F3-F254-84D0-0C3328027819}.Release|Any CPU.Build.0 = Release|Any CPU
	EndGlobalSection
	GlobalSection(SolutionProperties) = preSolution
		HideSolutionNode = FALSE
	EndGlobalSection
	GlobalSection(ExtensibilityGlobals) = postSolution
		SolutionGuid = {2CB8C564-1138-49ED-99DC-B8B7174801BB}
	EndGlobalSection
EndGlobal
